
Microsoft Visual Studio Solution File, Format Version 12.00
# Visual Studio Version 16
VisualStudioVersion = 16.0.30413.136
MinimumVisualStudioVersion = 10.0.40219.1
Project("{FAE04EC0-301F-11D3-BF4B-00C04F79EFBC}") = "Excel Parsing", "Excel Parsing\Excel Parsing.csproj", "{CF055C27-3AE9-48A0-9557-6FCCC7DA8724}"
EndProject
Global
	GlobalSection(SolutionConfigurationPlatforms) = preSolution
		Debug|Any CPU = Debug|Any CPU
		Release|Any CPU = Release|Any CPU
	EndGlobalSection
	GlobalSection(ProjectConfigurationPlatforms) = postSolution
		{CF055C27-3AE9-48A0-9557-6FCCC7DA8724}.Debug|Any CPU.ActiveCfg = Debug|Any CPU
		{CF055C27-3AE9-48A0-9557-6FCCC7DA8724}.Debug|Any CPU.Build.0 = Debug|Any CPU
		{CF055C27-3AE9-48A0-9557-6FCCC7DA8724}.Release|Any CPU.ActiveCfg = Release|Any CPU
		{CF055C27-3AE9-48A0-9557-6FCCC7DA8724}.Release|Any CPU.Build.0 = Release|Any CPU
	EndGlobalSection
	GlobalSection(SolutionProperties) = preSolution
		HideSolutionNode = FALSE
	EndGlobalSection
	GlobalSection(ExtensibilityGlobals) = postSolution
		SolutionGuid = {42F3F3E1-DDDD-4AE6-8A9B-1849D6FD3791}
	EndGlobalSection
EndGlobal
